
Microsoft Visual Studio Solution File, Format Version 12.00
# Visual Studio 15
VisualStudioVersion = 15.0.28307.1927
MinimumVisualStudioVersion = 10.0.40219.1
Project("{8BC9CEB8-8B4A-11D0-8D11-00A0C91BC942}") = "colocviu ia 1.0", "colocviu ia 1.0\colocviu ia 1.0.vcxproj", "{119040C7-8D41-4FC2-A08F-D9D86A135D11}"
EndProject
Global
	GlobalSection(SolutionConfigurationPlatforms) = preSolution
		Debug|x64 = Debug|x64
		Debug|x86 = Debug|x86
		Release|x64 = Release|x64
		Release|x86 = Release|x86
	EndGlobalSection
	GlobalSection(ProjectConfigurationPlatforms) = postSolution
		{119040C7-8D41-4FC2-A08F-D9D86A135D11}.Debug|x64.ActiveCfg = Debug|x64
		{119040C7-8D41-4FC2-A08F-D9D86A135D11}.Debug|x64.Build.0 = Debug|x64
		{119040C7-8D41-4FC2-A08F-D9D86A135D11}.Debug|x86.ActiveCfg = Debug|Win32
		{119040C7-8D41-4FC2-A08F-D9D86A135D11}.Debug|x86.Build.0 = Debug|Win32
		{119040C7-8D41-4FC2-A08F-D9D86A135D11}.Release|x64.ActiveCfg = Release|x64
		{119040C7-8D41-4FC2-A08F-D9D86A135D11}.Release|x64.Build.0 = Release|x64
		{119040C7-8D41-4FC2-A08F-D9D86A135D11}.Release|x86.ActiveCfg = Release|Win32
		{119040C7-8D41-4FC2-A08F-D9D86A135D11}.Release|x86.Build.0 = Release|Win32
	EndGlobalSection
	GlobalSection(SolutionProperties) = preSolution
		HideSolutionNode = FALSE
	EndGlobalSection
	GlobalSection(ExtensibilityGlobals) = postSolution
		SolutionGuid = {E5F573FD-2D95-484F-8315-B82567B58631}
	EndGlobalSection
EndGlobal
